
Microsoft Visual Studio Solution File, Format Version 12.00
# Visual Studio Version 17
VisualStudioVersion = 17.11.35312.102
MinimumVisualStudioVersion = 10.0.40219.1
Project("{9A19103F-16F7-4668-BE54-9A1E7A4F7556}") = "Clean_Files_Generation", "ConsoleApp1\Clean_Files_Generation.csproj", "{109C0C13-5AFD-445A-A59A-BBAF3D8C874E}"
EndProject
Global
	GlobalSection(SolutionConfigurationPlatforms) = preSolution
		Debug|Any CPU = Debug|Any CPU
		Release|Any CPU = Release|Any CPU
	EndGlobalSection
	GlobalSection(ProjectConfigurationPlatforms) = postSolution
		{109C0C13-5AFD-445A-A59A-BBAF3D8C874E}.Debug|Any CPU.ActiveCfg = Debug|Any CPU
		{109C0C13-5AFD-445A-A59A-BBAF3D8C874E}.Debug|Any CPU.Build.0 = Debug|Any CPU
		{109C0C13-5AFD-445A-A59A-BBAF3D8C874E}.Release|Any CPU.ActiveCfg = Release|Any CPU
		{109C0C13-5AFD-445A-A59A-BBAF3D8C874E}.Release|Any CPU.Build.0 = Release|Any CPU
	EndGlobalSection
	GlobalSection(SolutionProperties) = preSolution
		HideSolutionNode = FALSE
	EndGlobalSection
	GlobalSection(ExtensibilityGlobals) = postSolution
		SolutionGuid = {CADC4D67-8A04-419E-8CAF-EB945505CFEA}
	EndGlobalSection
EndGlobal
